// !$*UTF8*$!
{
	archiveVersion = 1;
	classes = {
	};
	objectVersion = 48;
	objects = {

/* Begin PBXBuildFile section */
		ACCCA03B20846C630011BF37 /* main.swift in Sources */ = {isa = PBXBuildFile; fileRef = ACCCA03A20846C630011BF37 /* main.swift */; };
		ACCCA04420846CC20011BF37 /* LeetCode_003.swift in Sources */ = {isa = PBXBuildFile; fileRef = ACCCA04320846CC20011BF37 /* LeetCode_003.swift */; };
		ACE3A0E720846D870036308C /* LeetCode_002.swift in Sources */ = {isa = PBXBuildFile; fileRef = ACE3A0E620846D870036308C /* LeetCode_002.swift */; };
		ACE3A0E920846D990036308C /* LeetCode_001.swift in Sources */ = {isa = PBXBuildFile; fileRef = ACE3A0E820846D990036308C /* LeetCode_001.swift */; };
		ACE3A0EB20847F090036308C /* LeetCode_007.swift in Sources */ = {isa = PBXBuildFile; fileRef = ACE3A0EA20847F090036308C /* LeetCode_007.swift */; };
/* End PBXBuildFile section */

/* Begin PBXCopyFilesBuildPhase section */
		ACCCA03520846C630011BF37 /* CopyFiles */ = {
			isa = PBXCopyFilesBuildPhase;
			buildActionMask = 2147483647;
			dstPath = /usr/share/man/man1/;
			dstSubfolderSpec = 0;
			files = (
			);
			runOnlyForDeploymentPostprocessing = 1;
		};
/* End PBXCopyFilesBuildPhase section */

/* Begin PBXFileReference section */
		ACCCA03720846C630011BF37 /* DebugProj */ = {isa = PBXFileReference; explicitFileType = "compiled.mach-o.executable"; includeInIndex = 0; path = DebugProj; sourceTree = BUILT_PRODUCTS_DIR; };
		ACCCA03A20846C630011BF37 /* main.swift */ = {isa = PBXFileReference; lastKnownFileType = sourcecode.swift; path = main.swift; sourceTree = "<group>"; };
		ACCCA04320846CC20011BF37 /* LeetCode_003.swift */ = {isa = PBXFileReference; lastKnownFileType = sourcecode.swift; path = LeetCode_003.swift; sourceTree = "<group>"; };
		ACE3A0E620846D870036308C /* LeetCode_002.swift */ = {isa = PBXFileReference; lastKnownFileType = sourcecode.swift; path = LeetCode_002.swift; sourceTree = "<group>"; };
		ACE3A0E820846D990036308C /* LeetCode_001.swift */ = {isa = PBXFileReference; lastKnownFileType = sourcecode.swift; path = LeetCode_001.swift; sourceTree = "<group>"; };
		ACE3A0EA20847F090036308C /* LeetCode_007.swift */ = {isa = PBXFileReference; lastKnownFileType = sourcecode.swift; path = LeetCode_007.swift; sourceTree = "<group>"; };
/* End PBXFileReference section */

/* Begin PBXFrameworksBuildPhase section */
		ACCCA03420846C630011BF37 /* Frameworks */ = {
			isa = PBXFrameworksBuildPhase;
			buildActionMask = 2147483647;
			files = (
			);
			runOnlyForDeploymentPostprocessing = 0;
		};
/* End PBXFrameworksBuildPhase section */

/* Begin PBXGroup section */
		ACCCA02E20846C630011BF37 = {
			isa = PBXGroup;
			children = (
				ACCCA03920846C630011BF37 /* DebugProj */,
				ACCCA03820846C630011BF37 /* Products */,
			);
			sourceTree = "<group>";
		};
		ACCCA03820846C630011BF37 /* Products */ = {
			isa = PBXGroup;
			children = (
				ACCCA03720846C630011BF37 /* DebugProj */,
			);
			name = Products;
			sourceTree = "<group>";
		};
		ACCCA03920846C630011BF37 /* DebugProj */ = {
			isa = PBXGroup;
			children = (
				ACCCA03A20846C630011BF37 /* main.swift */,
				ACE3A0E820846D990036308C /* LeetCode_001.swift */,
				ACE3A0E620846D870036308C /* LeetCode_002.swift */,
				ACCCA04320846CC20011BF37 /* LeetCode_003.swift */,
				ACE3A0EA20847F090036308C /* LeetCode_007.swift */,
			);
			path = DebugProj;
			sourceTree = "<group>";
		};
/* End PBXGroup section */

/* Begin PBXNativeTarget section */
		ACCCA03620846C630011BF37 /* DebugProj */ = {
			isa = PBXNativeTarget;
			buildConfigurationList = ACCCA03E20846C630011BF37 /* Build configuration list for PBXNativeTarget "DebugProj" */;
			buildPhases = (
				ACCCA03320846C630011BF37 /* Sources */,
				ACCCA03420846C630011BF37 /* Frameworks */,
				ACCCA03520846C630011BF37 /* CopyFiles */,
			);
			buildRules = (
			);
			dependencies = (
			);
			name = DebugProj;
			productName = DebugProj;
			productReference = ACCCA03720846C630011BF37 /* DebugProj */;
			productType = "com.apple.product-type.tool";
		};
/* End PBXNativeTarget section */

/* Begin PBXProject section */
		ACCCA02F20846C630011BF37 /* Project object */ = {
			isa = PBXProject;
			attributes = {
				LastSwiftUpdateCheck = 0910;
				LastUpgradeCheck = 0910;
				ORGANIZATIONNAME = Koploop;
				TargetAttributes = {
					ACCCA03620846C630011BF37 = {
						CreatedOnToolsVersion = 9.1;
						ProvisioningStyle = Automatic;
					};
				};
			};
			buildConfigurationList = ACCCA03220846C630011BF37 /* Build configuration list for PBXProject "DebugProj" */;
			compatibilityVersion = "Xcode 8.0";
			developmentRegion = en;
			hasScannedForEncodings = 0;
			knownRegions = (
				en,
			);
			mainGroup = ACCCA02E20846C630011BF37;
			productRefGroup = ACCCA03820846C630011BF37 /* Products */;
			projectDirPath = "";
			projectRoot = "";
			targets = (
				ACCCA03620846C630011BF37 /* DebugProj */,
			);
		};
/* End PBXProject section */

/* Begin PBXSourcesBuildPhase section */
		ACCCA03320846C630011BF37 /* Sources */ = {
			isa = PBXSourcesBuildPhase;
			buildActionMask = 2147483647;
			files = (
				ACE3A0EB20847F090036308C /* LeetCode_007.swift in Sources */,
				ACE3A0E920846D990036308C /* LeetCode_001.swift in Sources */,
				ACCCA03B20846C630011BF37 /* main.swift in Sources */,
				ACE3A0E720846D870036308C /* LeetCode_002.swift in Sources */,
				ACCCA04420846CC20011BF37 /* LeetCode_003.swift in Sources */,
			);
			runOnlyForDeploymentPostprocessing = 0;
		};
/* End PBXSourcesBuildPhase section */

/* Begin XCBuildConfiguration section */
		ACCCA03C20846C630011BF37 /* Debug */ = {
			isa = XCBuildConfiguration;
			buildSettings = {
				ALWAYS_SEARCH_USER_PATHS = NO;
				CLANG_ANALYZER_NONNULL = YES;
				CLANG_ANALYZER_NUMBER_OBJECT_CONVERSION = YES_AGGRESSIVE;
				CLANG_CXX_LANGUAGE_STANDARD = "gnu++14";
				CLANG_CXX_LIBRARY = "libc++";
				CLANG_ENABLE_MODULES = YES;
				CLANG_ENABLE_OBJC_ARC = YES;
				CLANG_WARN_BLOCK_CAPTURE_AUTORELEASING = YES;
				CLANG_WARN_BOOL_CONVERSION = YES;
				CLANG_WARN_COMMA = YES;
				CLANG_WARN_CONSTANT_CONVERSION = YES;
				CLANG_WARN_DIRECT_OBJC_ISA_USAGE = YES_ERROR;
				CLANG_WARN_DOCUMENTATION_COMMENTS = YES;
				CLANG_WARN_EMPTY_BODY = YES;
				CLANG_WARN_ENUM_CONVERSION = YES;
				CLANG_WARN_INFINITE_RECURSION = YES;
				CLANG_WARN_INT_CONVERSION = YES;
				CLANG_WARN_NON_LITERAL_NULL_CONVERSION = YES;
				CLANG_WARN_OBJC_LITERAL_CONVERSION = YES;
				CLANG_WARN_OBJC_ROOT_CLASS = YES_ERROR;
				CLANG_WARN_RANGE_LOOP_ANALYSIS = YES;
				CLANG_WARN_STRICT_PROTOTYPES = YES;
				CLANG_WARN_SUSPICIOUS_MOVE = YES;
				CLANG_WARN_UNGUARDED_AVAILABILITY = YES_AGGRESSIVE;
				CLANG_WARN_UNREACHABLE_CODE = YES;
				CLANG_WARN__DUPLICATE_METHOD_MATCH = YES;
				CODE_SIGN_IDENTITY = "Mac Developer";
				COPY_PHASE_STRIP = NO;
				DEBUG_INFORMATION_FORMAT = dwarf;
				ENABLE_STRICT_OBJC_MSGSEND = YES;
				ENABLE_TESTABILITY = YES;
				GCC_C_LANGUAGE_STANDARD = gnu11;
				GCC_DYNAMIC_NO_PIC = NO;
				GCC_NO_COMMON_BLOCKS = YES;
				GCC_OPTIMIZATION_LEVEL = 0;
				GCC_PREPROCESSOR_DEFINITIONS = (
					"DEBUG=1",
					"$(inherited)",
				);
				GCC_WARN_64_TO_32_BIT_CONVERSION = YES;
				GCC_WARN_ABOUT_RETURN_TYPE = YES_ERROR;
				GCC_WARN_UNDECLARED_SELECTOR = YES;
				GCC_WARN_UNINITIALIZED_AUTOS = YES_AGGRESSIVE;
				GCC_WARN_UNUSED_FUNCTION = YES;
				GCC_WARN_UNUSED_VARIABLE = YES;
				MACOSX_DEPLOYMENT_TARGET = 10.12;
				MTL_ENABLE_DEBUG_INFO = YES;
				ONLY_ACTIVE_ARCH = YES;
				SDKROOT = macosx;
				SWIFT_ACTIVE_COMPILATION_CONDITIONS = DEBUG;
				SWIFT_OPTIMIZATION_LEVEL = "-Onone";
			};
			name = Debug;
		};
		ACCCA03D20846C630011BF37 /* Release */ = {
			isa = XCBuildConfiguration;
			buildSettings = {
				ALWAYS_SEARCH_USER_PATHS = NO;
				CLANG_ANALYZER_NONNULL = YES;
				CLANG_ANALYZER_NUMBER_OBJECT_CONVERSION = YES_AGGRESSIVE;
				CLANG_CXX_LANGUAGE_STANDARD = "gnu++14";
				CLANG_CXX_LIBRARY = "libc++";
				CLANG_ENABLE_MODULES = YES;
				CLANG_ENABLE_OBJC_ARC = YES;
				CLANG_WARN_BLOCK_CAPTURE_AUTORELEASING = YES;
				CLANG_WARN_BOOL_CONVERSION = YES;
				CLANG_WARN_COMMA = YES;
				CLANG_WARN_CONSTANT_CONVERSION = YES;
				CLANG_WARN_DIRECT_OBJC_ISA_USAGE = YES_ERROR;
				CLANG_WARN_DOCUMENTATION_COMMENTS = YES;
				CLANG_WARN_EMPTY_BODY = YES;
				CLANG_WARN_ENUM_CONVERSION = YES;
				CLANG_WARN_INFINITE_RECURSION = YES;
				CLANG_WARN_INT_CONVERSION = YES;
				CLANG_WARN_NON_LITERAL_NULL_CONVERSION = YES;
				CLANG_WARN_OBJC_LITERAL_CONVERSION = YES;
				CLANG_WARN_OBJC_ROOT_CLASS = YES_ERROR;
				CLANG_WARN_RANGE_LOOP_ANALYSIS = YES;
				CLANG_WARN_STRICT_PROTOTYPES = YES;
				CLANG_WARN_SUSPICIOUS_MOVE = YES;
				CLANG_WARN_UNGUARDED_AVAILABILITY = YES_AGGRESSIVE;
				CLANG_WARN_UNREACHABLE_CODE = YES;
				CLANG_WARN__DUPLICATE_METHOD_MATCH = YES;
				CODE_SIGN_IDENTITY = "Mac Developer";
				COPY_PHASE_STRIP = NO;
				DEBUG_INFORMATION_FORMAT = "dwarf-with-dsym";
				ENABLE_NS_ASSERTIONS = NO;
				ENABLE_STRICT_OBJC_MSGSEND = YES;
				GCC_C_LANGUAGE_STANDARD = gnu11;
				GCC_NO_COMMON_BLOCKS = YES;
				GCC_WARN_64_TO_32_BIT_CONVERSION = YES;
				GCC_WARN_ABOUT_RETURN_TYPE = YES_ERROR;
				GCC_WARN_UNDECLARED_SELECTOR = YES;
				GCC_WARN_UNINITIALIZED_AUTOS = YES_AGGRESSIVE;
				GCC_WARN_UNUSED_FUNCTION = YES;
				GCC_WARN_UNUSED_VARIABLE = YES;
				MACOSX_DEPLOYMENT_TARGET = 10.12;
				MTL_ENABLE_DEBUG_INFO = NO;
				SDKROOT = macosx;
				SWIFT_OPTIMIZATION_LEVEL = "-Owholemodule";
			};
			name = Release;
		};
		ACCCA03F20846C630011BF37 /* Debug */ = {
			isa = XCBuildConfiguration;
			buildSettings = {
				CODE_SIGN_STYLE = Automatic;
				DEVELOPMENT_TEAM = B6F9N4WUT7;
				PRODUCT_NAME = "$(TARGET_NAME)";
				SWIFT_VERSION = 4.0;
			};
			name = Debug;
		};
		ACCCA04020846C630011BF37 /* Release */ = {
			isa = XCBuildConfiguration;
			buildSettings = {
				CODE_SIGN_STYLE = Automatic;
				DEVELOPMENT_TEAM = B6F9N4WUT7;
				PRODUCT_NAME = "$(TARGET_NAME)";
				SWIFT_VERSION = 4.0;
			};
			name = Release;
		};
/* End XCBuildConfiguration section */

/* Begin XCConfigurationList section */
		ACCCA03220846C630011BF37 /* Build configuration list for PBXProject "DebugProj" */ = {
			isa = XCConfigurationList;
			buildConfigurations = (
				ACCCA03C20846C630011BF37 /* Debug */,
				ACCCA03D20846C630011BF37 /* Release */,
			);
			defaultConfigurationIsVisible = 0;
			defaultConfigurationName = Release;
		};
		ACCCA03E20846C630011BF37 /* Build configuration list for PBXNativeTarget "DebugProj" */ = {
			isa = XCConfigurationList;
			buildConfigurations = (
				ACCCA03F20846C630011BF37 /* Debug */,
				ACCCA04020846C630011BF37 /* Release */,
			);
			defaultConfigurationIsVisible = 0;
			defaultConfigurationName = Release;
		};
/* End XCConfigurationList section */
	};
	rootObject = ACCCA02F20846C630011BF37 /* Project object */;
}
